
Microsoft Visual Studio Solution File, Format Version 12.00
# Visual Studio Version 16
VisualStudioVersion = 16.0.31410.357
MinimumVisualStudioVersion = 10.0.40219.1
Project("{FAE04EC0-301F-11D3-BF4B-00C04F79EFBC}") = "Inuyasha", "Inuyasha.csproj", "{334BAE3F-4E47-4C6B-8C10-373D40072825}"
EndProject
Global
	GlobalSection(SolutionConfigurationPlatforms) = preSolution
		Debug|Any CPU = Debug|Any CPU
		Release|Any CPU = Release|Any CPU
	EndGlobalSection
	GlobalSection(ProjectConfigurationPlatforms) = postSolution
		{334BAE3F-4E47-4C6B-8C10-373D40072825}.Debug|Any CPU.ActiveCfg = Debug|Any CPU
		{334BAE3F-4E47-4C6B-8C10-373D40072825}.Debug|Any CPU.Build.0 = Debug|Any CPU
		{334BAE3F-4E47-4C6B-8C10-373D40072825}.Release|Any CPU.ActiveCfg = Release|Any CPU
		{334BAE3F-4E47-4C6B-8C10-373D40072825}.Release|Any CPU.Build.0 = Release|Any CPU
	EndGlobalSection
	GlobalSection(SolutionProperties) = preSolution
		HideSolutionNode = FALSE
	EndGlobalSection
	GlobalSection(ExtensibilityGlobals) = postSolution
		SolutionGuid = {B7F4A096-3BBD-413D-A3E8-04BAAB24F4C6}
	EndGlobalSection
EndGlobal
